# THIS IS AN AUTOGENERATED FILE. DO NOT EDIT THIS FILE DIRECTLY.
# yarn lockfile v1


ansi-styles@^3.1.0:
  version "3.2.0"
  resolved "https://registry.yarnpkg.com/ansi-styles/-/ansi-styles-3.2.0.tgz#c159b8d5be0f9e5a6f346dab94f16ce022161b88"
  dependencies:
    color-convert "^1.9.0"

babel-code-frame@7.0.0-alpha.17:
  version "7.0.0-alpha.17"
  resolved "https://registry.yarnpkg.com/babel-code-frame/-/babel-code-frame-7.0.0-alpha.17.tgz#06a5daddb0946d8e95392477065a86480474f19c"
  dependencies:
    chalk "^2.0.0"
    esutils "^2.0.2"
    js-tokens "^3.0.0"

babel-helper-function-name@7.0.0-alpha.17:
  version "7.0.0-alpha.17"
  resolved "https://registry.yarnpkg.com/babel-helper-function-name/-/babel-helper-function-name-7.0.0-alpha.17.tgz#b976290af579712345ecd6a146e6dff86b47b8ed"
  dependencies:
    babel-helper-get-function-arity "7.0.0-alpha.17"
    babel-template "7.0.0-alpha.17"
    babel-traverse "7.0.0-alpha.17"
    babel-types "7.0.0-alpha.17"

babel-helper-get-function-arity@7.0.0-alpha.17:
  version "7.0.0-alpha.17"
  resolved "https://registry.yarnpkg.com/babel-helper-get-function-arity/-/babel-helper-get-function-arity-7.0.0-alpha.17.tgz#f9ee3be4b6e892235ee790a8849ada1f88eedcf1"
  dependencies:
    babel-types "7.0.0-alpha.17"

babel-helper-regex@^6.24.1:
  version "6.24.1"
  resolved "https://registry.yarnpkg.com/babel-helper-regex/-/babel-helper-regex-6.24.1.tgz#d36e22fab1008d79d88648e32116868128456ce8"
  dependencies:
    babel-runtime "^6.22.0"
    babel-types "^6.24.1"
    lodash "^4.2.0"

babel-helper-remap-async-to-generator@7.0.0-alpha.17:
  version "7.0.0-alpha.17"
  resolved "https://registry.yarnpkg.com/babel-helper-remap-async-to-generator/-/babel-helper-remap-async-to-generator-7.0.0-alpha.17.tgz#a6b231bd87ec6f7d7eaec867030e7a7099da74af"
  dependencies:
    babel-helper-wrap-function "7.0.0-alpha.17"
    babel-template "7.0.0-alpha.17"
    babel-traverse "7.0.0-alpha.17"
    babel-types "7.0.0-alpha.17"

babel-helper-wrap-function@7.0.0-alpha.17:
  version "7.0.0-alpha.17"
  resolved "https://registry.yarnpkg.com/babel-helper-wrap-function/-/babel-helper-wrap-function-7.0.0-alpha.17.tgz#d796f0a428bc3a21110cc381344b4260c4bf4875"
  dependencies:
    babel-helper-function-name "7.0.0-alpha.17"
    babel-template "7.0.0-alpha.17"
    babel-traverse "7.0.0-alpha.17"
    babel-types "7.0.0-alpha.17"

babel-messages@7.0.0-alpha.17:
  version "7.0.0-alpha.17"
  resolved "https://registry.yarnpkg.com/babel-messages/-/babel-messages-7.0.0-alpha.17.tgz#777d7f82656d5e3526c1f4c74aaaba99b260d7db"

babel-plugin-syntax-async-generators@7.0.0-alpha.17:
  version "7.0.0-alpha.17"
  resolved "https://registry.yarnpkg.com/babel-plugin-syntax-async-generators/-/babel-plugin-syntax-async-generators-7.0.0-alpha.17.tgz#27b405989f3521c5c9dce5577ba1fc3ea7c7909b"

babel-plugin-syntax-class-properties@7.0.0-alpha.17:
  version "7.0.0-alpha.17"
  resolved "https://registry.yarnpkg.com/babel-plugin-syntax-class-properties/-/babel-plugin-syntax-class-properties-7.0.0-alpha.17.tgz#ef4fb02c9a0ba44bd80f259c334215022f1be217"

babel-plugin-syntax-decorators@7.0.0-alpha.17:
  version "7.0.0-alpha.17"
  resolved "https://registry.yarnpkg.com/babel-plugin-syntax-decorators/-/babel-plugin-syntax-decorators-7.0.0-alpha.17.tgz#8b4f4418ea2340c4f30247f77347c1354feefafe"

babel-plugin-syntax-do-expressions@7.0.0-alpha.17:
  version "7.0.0-alpha.17"
  resolved "https://registry.yarnpkg.com/babel-plugin-syntax-do-expressions/-/babel-plugin-syntax-do-expressions-7.0.0-alpha.17.tgz#87ae45f7eddf2d2498adb6b3ca2ec1f3c22efa79"

babel-plugin-syntax-dynamic-import@7.0.0-alpha.17:
  version "7.0.0-alpha.17"
  resolved "https://registry.yarnpkg.com/babel-plugin-syntax-dynamic-import/-/babel-plugin-syntax-dynamic-import-7.0.0-alpha.17.tgz#cdb614aef8124bce2158080215d14e324f35f43e"

babel-plugin-syntax-export-extensions@7.0.0-alpha.17:
  version "7.0.0-alpha.17"
  resolved "https://registry.yarnpkg.com/babel-plugin-syntax-export-extensions/-/babel-plugin-syntax-export-extensions-7.0.0-alpha.17.tgz#226d4bf5a2dac009dd507ab9d892d55e58d104ab"

babel-plugin-syntax-function-bind@7.0.0-alpha.17:
  version "7.0.0-alpha.17"
  resolved "https://registry.yarnpkg.com/babel-plugin-syntax-function-bind/-/babel-plugin-syntax-function-bind-7.0.0-alpha.17.tgz#e8b357c1da31328fa59e86217d9b74dd5977e00c"

babel-plugin-syntax-function-sent@7.0.0-alpha.17:
  version "7.0.0-alpha.17"
  resolved "https://registry.yarnpkg.com/babel-plugin-syntax-function-sent/-/babel-plugin-syntax-function-sent-7.0.0-alpha.17.tgz#db3a5fd5cd60a16c98464c02c514fdf494fff5b2"

babel-plugin-syntax-numeric-separator@7.0.0-alpha.17:
  version "7.0.0-alpha.17"
  resolved "https://registry.yarnpkg.com/babel-plugin-syntax-numeric-separator/-/babel-plugin-syntax-numeric-separator-7.0.0-alpha.17.tgz#5f03c270be73eb40683c66180c6c7a9568949959"

babel-plugin-syntax-object-rest-spread@7.0.0-alpha.17:
  version "7.0.0-alpha.17"
  resolved "https://registry.yarnpkg.com/babel-plugin-syntax-object-rest-spread/-/babel-plugin-syntax-object-rest-spread-7.0.0-alpha.17.tgz#34153ebb057d45fcd85a88ea329cc6d6c2fadf7d"

babel-plugin-syntax-optional-chaining@7.0.0-alpha.17:
  version "7.0.0-alpha.17"
  resolved "https://registry.yarnpkg.com/babel-plugin-syntax-optional-chaining/-/babel-plugin-syntax-optional-chaining-7.0.0-alpha.17.tgz#e4cc7de8266079583a0c57ffa2d759463f0872c2"

babel-plugin-transform-async-generator-functions@7.0.0-alpha.17:
  version "7.0.0-alpha.17"
  resolved "https://registry.yarnpkg.com/babel-plugin-transform-async-generator-functions/-/babel-plugin-transform-async-generator-functions-7.0.0-alpha.17.tgz#a169318ec1e1077f9df133633e65f76be778cc75"
  dependencies:
    babel-helper-remap-async-to-generator "7.0.0-alpha.17"
    babel-plugin-syntax-async-generators "7.0.0-alpha.17"

babel-plugin-transform-class-properties@7.0.0-alpha.17:
  version "7.0.0-alpha.17"
  resolved "https://registry.yarnpkg.com/babel-plugin-transform-class-properties/-/babel-plugin-transform-class-properties-7.0.0-alpha.17.tgz#1d5a5b258ae0c1a70d8243c05ba1bc25f7cfa8c0"
  dependencies:
    babel-helper-function-name "7.0.0-alpha.17"
    babel-plugin-syntax-class-properties "7.0.0-alpha.17"
    babel-template "7.0.0-alpha.17"

babel-plugin-transform-decorators@7.0.0-alpha.17:
  version "7.0.0-alpha.17"
  resolved "https://registry.yarnpkg.com/babel-plugin-transform-decorators/-/babel-plugin-transform-decorators-7.0.0-alpha.17.tgz#0e2cd329c5bfecf059aa4061e945ea22a7bc9c5b"
  dependencies:
    babel-plugin-syntax-decorators "7.0.0-alpha.17"
    babel-template "7.0.0-alpha.17"

babel-plugin-transform-do-expressions@7.0.0-alpha.17:
  version "7.0.0-alpha.17"
  resolved "https://registry.yarnpkg.com/babel-plugin-transform-do-expressions/-/babel-plugin-transform-do-expressions-7.0.0-alpha.17.tgz#34c08aeb2e0b458c9035648d678c9f0f482c24c5"
  dependencies:
    babel-plugin-syntax-do-expressions "7.0.0-alpha.17"

babel-plugin-transform-export-extensions@7.0.0-alpha.17:
  version "7.0.0-alpha.17"
  resolved "https://registry.yarnpkg.com/babel-plugin-transform-export-extensions/-/babel-plugin-transform-export-extensions-7.0.0-alpha.17.tgz#c894a99f69b369bb324e51ec7719c884f6c7072b"
  dependencies:
    babel-plugin-syntax-export-extensions "7.0.0-alpha.17"

babel-plugin-transform-function-bind@7.0.0-alpha.17:
  version "7.0.0-alpha.17"
  resolved "https://registry.yarnpkg.com/babel-plugin-transform-function-bind/-/babel-plugin-transform-function-bind-7.0.0-alpha.17.tgz#440e15d0b15f1e9b31e661fb7a18507bbacba145"
  dependencies:
    babel-plugin-syntax-function-bind "7.0.0-alpha.17"

babel-plugin-transform-function-sent2@7.0.0-alpha.17:
  version "7.0.0-alpha.17"
  resolved "https://registry.yarnpkg.com/babel-plugin-transform-function-sent2/-/babel-plugin-transform-function-sent2-7.0.0-alpha.17.tgz#37e737b996dbcef7a09406f2cc3bb6f715f3535b"
  dependencies:
    babel-helper-wrap-function "7.0.0-alpha.17"
    babel-plugin-syntax-function-sent "7.0.0-alpha.17"

babel-plugin-transform-numeric-separator@7.0.0-alpha.17:
  version "7.0.0-alpha.17"
  resolved "https://registry.yarnpkg.com/babel-plugin-transform-numeric-separator/-/babel-plugin-transform-numeric-separator-7.0.0-alpha.17.tgz#293a26dd7eae46f247590f31338fd59fe979375d"
  dependencies:
    babel-plugin-syntax-numeric-separator "7.0.0-alpha.17"

babel-plugin-transform-object-rest-spread@7.0.0-alpha.17:
  version "7.0.0-alpha.17"
  resolved "https://registry.yarnpkg.com/babel-plugin-transform-object-rest-spread/-/babel-plugin-transform-object-rest-spread-7.0.0-alpha.17.tgz#f609447e5d193ed4d750ba89232b93f1ba3f3452"
  dependencies:
    babel-plugin-syntax-object-rest-spread "7.0.0-alpha.17"

babel-plugin-transform-optional-chaining@7.0.0-alpha.17:
  version "7.0.0-alpha.17"
  resolved "https://registry.yarnpkg.com/babel-plugin-transform-optional-chaining/-/babel-plugin-transform-optional-chaining-7.0.0-alpha.17.tgz#8a117ad369c1334af2edf7ef3f4a51603780ba38"
  dependencies:
    babel-plugin-syntax-optional-chaining "7.0.0-alpha.17"

babel-plugin-transform-unicode-property-regex@^2.0.2:
  version "2.0.2"
  resolved "https://registry.yarnpkg.com/babel-plugin-transform-unicode-property-regex/-/babel-plugin-transform-unicode-property-regex-2.0.2.tgz#8f90d9b4cff96502aa95db8537d2a9d329cb5240"
  dependencies:
    babel-helper-regex "^6.24.1"
    babel-runtime "^6.23.0"
    regexpu-core "^4.1.1"

babel-preset-stage-1@7.0.0-alpha.17:
  version "7.0.0-alpha.17"
  resolved "https://registry.yarnpkg.com/babel-preset-stage-1/-/babel-preset-stage-1-7.0.0-alpha.17.tgz#de65cb73fc748d98fad7e8483b0dd6996a996e4d"
  dependencies:
    babel-plugin-transform-decorators "7.0.0-alpha.17"
    babel-plugin-transform-export-extensions "7.0.0-alpha.17"
    babel-plugin-transform-numeric-separator "7.0.0-alpha.17"
    babel-plugin-transform-optional-chaining "7.0.0-alpha.17"
    babel-preset-stage-2 "7.0.0-alpha.17"

babel-preset-stage-2@7.0.0-alpha.17:
  version "7.0.0-alpha.17"
  resolved "https://registry.yarnpkg.com/babel-preset-stage-2/-/babel-preset-stage-2-7.0.0-alpha.17.tgz#0f33ced47be146602c846ec7a558786974fff2fc"
  dependencies:
    babel-plugin-transform-class-properties "7.0.0-alpha.17"
    babel-plugin-transform-function-sent2 "7.0.0-alpha.17"
    babel-preset-stage-3 "7.0.0-alpha.17"

babel-preset-stage-3@7.0.0-alpha.17:
  version "7.0.0-alpha.17"
  resolved "https://registry.yarnpkg.com/babel-preset-stage-3/-/babel-preset-stage-3-7.0.0-alpha.17.tgz#5546b6cdb03a58a239a548939e33a53acc62dee7"
  dependencies:
    babel-plugin-syntax-dynamic-import "7.0.0-alpha.17"
    babel-plugin-transform-async-generator-functions "7.0.0-alpha.17"
    babel-plugin-transform-object-rest-spread "7.0.0-alpha.17"
    babel-plugin-transform-unicode-property-regex "^2.0.2"

babel-runtime@^6.22.0, babel-runtime@^6.23.0:
  version "6.25.0"
  resolved "https://registry.yarnpkg.com/babel-runtime/-/babel-runtime-6.25.0.tgz#33b98eaa5d482bb01a8d1aa6b437ad2b01aec41c"
  dependencies:
    core-js "^2.4.0"
    regenerator-runtime "^0.10.0"

babel-template@7.0.0-alpha.17:
  version "7.0.0-alpha.17"
  resolved "https://registry.yarnpkg.com/babel-template/-/babel-template-7.0.0-alpha.17.tgz#085597c0021644c72fa74460a8f76a85e76da943"
  dependencies:
    babel-traverse "7.0.0-alpha.17"
    babel-types "7.0.0-alpha.17"
    babylon "7.0.0-beta.18"
    lodash "^4.2.0"

babel-traverse@7.0.0-alpha.17:
  version "7.0.0-alpha.17"
  resolved "https://registry.yarnpkg.com/babel-traverse/-/babel-traverse-7.0.0-alpha.17.tgz#c8a33788274bc4138c529ec9c29f0bacb573f42c"
  dependencies:
    babel-code-frame "7.0.0-alpha.17"
    babel-helper-function-name "7.0.0-alpha.17"
    babel-messages "7.0.0-alpha.17"
    babel-types "7.0.0-alpha.17"
    babylon "7.0.0-beta.18"
    debug "^2.2.0"
    globals "^10.0.0"
    invariant "^2.2.0"
    lodash "^4.2.0"

babel-types@7.0.0-alpha.17:
  version "7.0.0-alpha.17"
  resolved "https://registry.yarnpkg.com/babel-types/-/babel-types-7.0.0-alpha.17.tgz#bc74e19423b015a5ce88727440fc6ae863463dc0"
  dependencies:
    esutils "^2.0.2"
    lodash "^4.2.0"
    to-fast-properties "^2.0.0"

babel-types@^6.24.1:
  version "6.25.0"
  resolved "https://registry.yarnpkg.com/babel-types/-/babel-types-6.25.0.tgz#70afb248d5660e5d18f811d91c8303b54134a18e"
  dependencies:
    babel-runtime "^6.22.0"
    esutils "^2.0.2"
    lodash "^4.2.0"
    to-fast-properties "^1.0.1"

babylon@7.0.0-beta.18:
  version "7.0.0-beta.18"
  resolved "https://registry.yarnpkg.com/babylon/-/babylon-7.0.0-beta.18.tgz#5c23ee3fdb66358aabf3789779319c5b78a233c7"

chalk@^2.0.0:
  version "2.0.1"
  resolved "https://registry.yarnpkg.com/chalk/-/chalk-2.0.1.tgz#dbec49436d2ae15f536114e76d14656cdbc0f44d"
  dependencies:
    ansi-styles "^3.1.0"
    escape-string-regexp "^1.0.5"
    supports-color "^4.0.0"

color-convert@^1.9.0:
  version "1.9.0"
  resolved "https://registry.yarnpkg.com/color-convert/-/color-convert-1.9.0.tgz#1accf97dd739b983bf994d56fec8f95853641b7a"
  dependencies:
    color-name "^1.1.1"

color-name@^1.1.1:
  version "1.1.3"
  resolved "https://registry.yarnpkg.com/color-name/-/color-name-1.1.3.tgz#a7d0558bd89c42f795dd42328f740831ca53bc25"

core-js@^2.4.0:
  version "2.4.1"
  resolved "https://registry.yarnpkg.com/core-js/-/core-js-2.4.1.tgz#4de911e667b0eae9124e34254b53aea6fc618d3e"

debug@^2.2.0:
  version "2.6.8"
  resolved "https://registry.yarnpkg.com/debug/-/debug-2.6.8.tgz#e731531ca2ede27d188222427da17821d68ff4fc"
  dependencies:
    ms "2.0.0"

escape-string-regexp@^1.0.5:
  version "1.0.5"
  resolved "https://registry.yarnpkg.com/escape-string-regexp/-/escape-string-regexp-1.0.5.tgz#1b61c0562190a8dff6ae3bb2cf0200ca130b86d4"

esutils@^2.0.2:
  version "2.0.2"
  resolved "https://registry.yarnpkg.com/esutils/-/esutils-2.0.2.tgz#0abf4f1caa5bcb1f7a9d8acc6dea4faaa04bac9b"

globals@^10.0.0:
  version "10.0.0"
  resolved "https://registry.yarnpkg.com/globals/-/globals-10.0.0.tgz#a5803a1abe923b52bc33a59cffeaf6e0748cf3f7"

has-flag@^2.0.0:
  version "2.0.0"
  resolved "https://registry.yarnpkg.com/has-flag/-/has-flag-2.0.0.tgz#e8207af1cc7b30d446cc70b734b5e8be18f88d51"

invariant@^2.2.0:
  version "2.2.2"
  resolved "https://registry.yarnpkg.com/invariant/-/invariant-2.2.2.tgz#9e1f56ac0acdb6bf303306f338be3b204ae60360"
  dependencies:
    loose-envify "^1.0.0"

js-tokens@^3.0.0:
  version "3.0.2"
  resolved "https://registry.yarnpkg.com/js-tokens/-/js-tokens-3.0.2.tgz#9866df395102130e38f7f996bceb65443209c25b"

jsesc@~0.5.0:
  version "0.5.0"
  resolved "https://registry.yarnpkg.com/jsesc/-/jsesc-0.5.0.tgz#e7dee66e35d6fc16f710fe91d5cf69f70f08911d"

lodash@^4.2.0:
  version "4.17.4"
  resolved "https://registry.yarnpkg.com/lodash/-/lodash-4.17.4.tgz#78203a4d1c328ae1d86dca6460e369b57f4055ae"

loose-envify@^1.0.0:
  version "1.3.1"
  resolved "https://registry.yarnpkg.com/loose-envify/-/loose-envify-1.3.1.tgz#d1a8ad33fa9ce0e713d65fdd0ac8b748d478c848"
  dependencies:
    js-tokens "^3.0.0"

ms@2.0.0:
  version "2.0.0"
  resolved "https://registry.yarnpkg.com/ms/-/ms-2.0.0.tgz#5608aeadfc00be6c2901df5f9861788de0d597c8"

regenerate-unicode-properties@^5.1.0:
  version "5.1.0"
  resolved "https://registry.yarnpkg.com/regenerate-unicode-properties/-/regenerate-unicode-properties-5.1.0.tgz#3188fe7a0e626185fc436291ed517f6e166569b2"
  dependencies:
    regenerate "^1.3.2"

regenerate@^1.3.2:
  version "1.3.2"
  resolved "https://registry.yarnpkg.com/regenerate/-/regenerate-1.3.2.tgz#d1941c67bad437e1be76433add5b385f95b19260"

regenerator-runtime@^0.10.0:
  version "0.10.5"
  resolved "https://registry.yarnpkg.com/regenerator-runtime/-/regenerator-runtime-0.10.5.tgz#336c3efc1220adcedda2c9fab67b5a7955a33658"

regexpu-core@^4.1.1:
  version "4.1.1"
  resolved "https://registry.yarnpkg.com/regexpu-core/-/regexpu-core-4.1.1.tgz#5877950259cc9f923d8393c9e39d26c3af47a9ea"
  dependencies:
    regenerate "^1.3.2"
    regenerate-unicode-properties "^5.1.0"
    regjsgen "^0.3.0"
    regjsparser "^0.2.1"
    unicode-match-property-ecmascript "^1.0.2"
    unicode-match-property-value-ecmascript "^1.0.1"

regjsgen@^0.3.0:
  version "0.3.0"
  resolved "https://registry.yarnpkg.com/regjsgen/-/regjsgen-0.3.0.tgz#0ee4a3e9276430cda25f1e789ea6c15b87b0cb43"

regjsparser@^0.2.1:
  version "0.2.1"
  resolved "https://registry.yarnpkg.com/regjsparser/-/regjsparser-0.2.1.tgz#c3787553faf04e775c302102ef346d995000ec1c"
  dependencies:
    jsesc "~0.5.0"

supports-color@^4.0.0:
  version "4.2.1"
  resolved "https://registry.yarnpkg.com/supports-color/-/supports-color-4.2.1.tgz#65a4bb2631e90e02420dba5554c375a4754bb836"
  dependencies:
    has-flag "^2.0.0"

to-fast-properties@^1.0.1:
  version "1.0.3"
  resolved "https://registry.yarnpkg.com/to-fast-properties/-/to-fast-properties-1.0.3.tgz#b83571fa4d8c25b82e231b06e3a3055de4ca1a47"

to-fast-properties@^2.0.0:
  version "2.0.0"
  resolved "https://registry.yarnpkg.com/to-fast-properties/-/to-fast-properties-2.0.0.tgz#dc5e698cbd079265bc73e0377681a4e4e83f616e"

unicode-canonical-property-names-ecmascript@^1.0.1:
  version "1.0.1"
  resolved "https://registry.yarnpkg.com/unicode-canonical-property-names-ecmascript/-/unicode-canonical-property-names-ecmascript-1.0.1.tgz#6ebdf12ad8bb94ea935658f3397799564174025f"

unicode-match-property-ecmascript@^1.0.2:
  version "1.0.2"
  resolved "https://registry.yarnpkg.com/unicode-match-property-ecmascript/-/unicode-match-property-ecmascript-1.0.2.tgz#92e57a5bf6c4b6bb401c4ce797880fde8ed12820"
  dependencies:
    unicode-canonical-property-names-ecmascript "^1.0.1"
    unicode-property-aliases-ecmascript "^1.0.3"

unicode-match-property-value-ecmascript@^1.0.1:
  version "1.0.1"
  resolved "https://registry.yarnpkg.com/unicode-match-property-value-ecmascript/-/unicode-match-property-value-ecmascript-1.0.1.tgz#fea059120a016f403afd3bf586162b4db03e0604"

unicode-property-aliases-ecmascript@^1.0.3:
  version "1.0.3"
  resolved "https://registry.yarnpkg.com/unicode-property-aliases-ecmascript/-/unicode-property-aliases-ecmascript-1.0.3.tgz#ac3522583b9e630580f916635333e00c5ead690d"
